
Microsoft Visual Studio Solution File, Format Version 12.00
# Visual Studio 15
VisualStudioVersion = 15.0.28307.271
MinimumVisualStudioVersion = 10.0.40219.1
Project("{FAE04EC0-301F-11D3-BF4B-00C04F79EFBC}") = "CustomerReviewVotes.Web", "newManagedModule.Web\CustomerReviewVotes.Web.csproj", "{0AC79ECB-4160-4DE1-B3DD-1BC070D86965}"
EndProject
Project("{FAE04EC0-301F-11D3-BF4B-00C04F79EFBC}") = "CustomerReviewVotes.Core", "newManagedModule.Core\CustomerReviewVotes.Core.csproj", "{7B70D7CC-5A90-47D5-B3C0-145D0C703274}"
EndProject
Project("{FAE04EC0-301F-11D3-BF4B-00C04F79EFBC}") = "CustomerReviewVotes.Data", "newManagedModule.Data\CustomerReviewVotes.Data.csproj", "{9413258F-02D8-42B2-8AAC-919AFDF667D4}"
EndProject
Project("{FAE04EC0-301F-11D3-BF4B-00C04F79EFBC}") = "CustomerReviewVotes.Test", "newManagedModule.Test\CustomerReviewVotes.Test.csproj", "{A5E6A998-2548-4056-9A86-8FFBB5BEEDA7}"
EndProject
Global
	GlobalSection(SolutionConfigurationPlatforms) = preSolution
		Debug|Any CPU = Debug|Any CPU
		Debug|ARM = Debug|ARM
		Debug|ARM64 = Debug|ARM64
		Debug|x64 = Debug|x64
		Debug|x86 = Debug|x86
		Release|Any CPU = Release|Any CPU
		Release|ARM = Release|ARM
		Release|ARM64 = Release|ARM64
		Release|x64 = Release|x64
		Release|x86 = Release|x86
	EndGlobalSection
	GlobalSection(ProjectConfigurationPlatforms) = postSolution
		{0AC79ECB-4160-4DE1-B3DD-1BC070D86965}.Debug|Any CPU.ActiveCfg = Debug|Any CPU
		{0AC79ECB-4160-4DE1-B3DD-1BC070D86965}.Debug|Any CPU.Build.0 = Debug|Any CPU
		{0AC79ECB-4160-4DE1-B3DD-1BC070D86965}.Debug|ARM.ActiveCfg = Debug|Any CPU
		{0AC79ECB-4160-4DE1-B3DD-1BC070D86965}.Debug|ARM.Build.0 = Debug|Any CPU
		{0AC79ECB-4160-4DE1-B3DD-1BC070D86965}.Debug|ARM64.ActiveCfg = Debug|Any CPU
		{0AC79ECB-4160-4DE1-B3DD-1BC070D86965}.Debug|ARM64.Build.0 = Debug|Any CPU
		{0AC79ECB-4160-4DE1-B3DD-1BC070D86965}.Debug|x64.ActiveCfg = Debug|Any CPU
		{0AC79ECB-4160-4DE1-B3DD-1BC070D86965}.Debug|x64.Build.0 = Debug|Any CPU
		{0AC79ECB-4160-4DE1-B3DD-1BC070D86965}.Debug|x86.ActiveCfg = Debug|Any CPU
		{0AC79ECB-4160-4DE1-B3DD-1BC070D86965}.Debug|x86.Build.0 = Debug|Any CPU
		{0AC79ECB-4160-4DE1-B3DD-1BC070D86965}.Release|Any CPU.ActiveCfg = Release|Any CPU
		{0AC79ECB-4160-4DE1-B3DD-1BC070D86965}.Release|Any CPU.Build.0 = Release|Any CPU
		{0AC79ECB-4160-4DE1-B3DD-1BC070D86965}.Release|ARM.ActiveCfg = Release|Any CPU
		{0AC79ECB-4160-4DE1-B3DD-1BC070D86965}.Release|ARM.Build.0 = Release|Any CPU
		{0AC79ECB-4160-4DE1-B3DD-1BC070D86965}.Release|ARM64.ActiveCfg = Release|Any CPU
		{0AC79ECB-4160-4DE1-B3DD-1BC070D86965}.Release|ARM64.Build.0 = Release|Any CPU
		{0AC79ECB-4160-4DE1-B3DD-1BC070D86965}.Release|x64.ActiveCfg = Release|Any CPU
		{0AC79ECB-4160-4DE1-B3DD-1BC070D86965}.Release|x64.Build.0 = Release|Any CPU
		{0AC79ECB-4160-4DE1-B3DD-1BC070D86965}.Release|x86.ActiveCfg = Release|Any CPU
		{0AC79ECB-4160-4DE1-B3DD-1BC070D86965}.Release|x86.Build.0 = Release|Any CPU
		{7B70D7CC-5A90-47D5-B3C0-145D0C703274}.Debug|Any CPU.ActiveCfg = Debug|Any CPU
		{7B70D7CC-5A90-47D5-B3C0-145D0C703274}.Debug|Any CPU.Build.0 = Debug|Any CPU
		{7B70D7CC-5A90-47D5-B3C0-145D0C703274}.Debug|ARM.ActiveCfg = Debug|Any CPU
		{7B70D7CC-5A90-47D5-B3C0-145D0C703274}.Debug|ARM.Build.0 = Debug|Any CPU
		{7B70D7CC-5A90-47D5-B3C0-145D0C703274}.Debug|ARM64.ActiveCfg = Debug|Any CPU
		{7B70D7CC-5A90-47D5-B3C0-145D0C703274}.Debug|ARM64.Build.0 = Debug|Any CPU
		{7B70D7CC-5A90-47D5-B3C0-145D0C703274}.Debug|x64.ActiveCfg = Debug|Any CPU
		{7B70D7CC-5A90-47D5-B3C0-145D0C703274}.Debug|x64.Build.0 = Debug|Any CPU
		{7B70D7CC-5A90-47D5-B3C0-145D0C703274}.Debug|x86.ActiveCfg = Debug|Any CPU
		{7B70D7CC-5A90-47D5-B3C0-145D0C703274}.Debug|x86.Build.0 = Debug|Any CPU
		{7B70D7CC-5A90-47D5-B3C0-145D0C703274}.Release|Any CPU.ActiveCfg = Release|Any CPU
		{7B70D7CC-5A90-47D5-B3C0-145D0C703274}.Release|Any CPU.Build.0 = Release|Any CPU
		{7B70D7CC-5A90-47D5-B3C0-145D0C703274}.Release|ARM.ActiveCfg = Release|Any CPU
		{7B70D7CC-5A90-47D5-B3C0-145D0C703274}.Release|ARM.Build.0 = Release|Any CPU
		{7B70D7CC-5A90-47D5-B3C0-145D0C703274}.Release|ARM64.ActiveCfg = Release|Any CPU
		{7B70D7CC-5A90-47D5-B3C0-145D0C703274}.Release|ARM64.Build.0 = Release|Any CPU
		{7B70D7CC-5A90-47D5-B3C0-145D0C703274}.Release|x64.ActiveCfg = Release|Any CPU
		{7B70D7CC-5A90-47D5-B3C0-145D0C703274}.Release|x64.Build.0 = Release|Any CPU
		{7B70D7CC-5A90-47D5-B3C0-145D0C703274}.Release|x86.ActiveCfg = Release|Any CPU
		{7B70D7CC-5A90-47D5-B3C0-145D0C703274}.Release|x86.Build.0 = Release|Any CPU
		{9413258F-02D8-42B2-8AAC-919AFDF667D4}.Debug|Any CPU.ActiveCfg = Debug|Any CPU
		{9413258F-02D8-42B2-8AAC-919AFDF667D4}.Debug|Any CPU.Build.0 = Debug|Any CPU
		{9413258F-02D8-42B2-8AAC-919AFDF667D4}.Debug|ARM.ActiveCfg = Debug|Any CPU
		{9413258F-02D8-42B2-8AAC-919AFDF667D4}.Debug|ARM.Build.0 = Debug|Any CPU
		{9413258F-02D8-42B2-8AAC-919AFDF667D4}.Debug|ARM64.ActiveCfg = Debug|Any CPU
		{9413258F-02D8-42B2-8AAC-919AFDF667D4}.Debug|ARM64.Build.0 = Debug|Any CPU
		{9413258F-02D8-42B2-8AAC-919AFDF667D4}.Debug|x64.ActiveCfg = Debug|Any CPU
		{9413258F-02D8-42B2-8AAC-919AFDF667D4}.Debug|x64.Build.0 = Debug|Any CPU
		{9413258F-02D8-42B2-8AAC-919AFDF667D4}.Debug|x86.ActiveCfg = Debug|Any CPU
		{9413258F-02D8-42B2-8AAC-919AFDF667D4}.Debug|x86.Build.0 = Debug|Any CPU
		{9413258F-02D8-42B2-8AAC-919AFDF667D4}.Release|Any CPU.ActiveCfg = Release|Any CPU
		{9413258F-02D8-42B2-8AAC-919AFDF667D4}.Release|Any CPU.Build.0 = Release|Any CPU
		{9413258F-02D8-42B2-8AAC-919AFDF667D4}.Release|ARM.ActiveCfg = Release|Any CPU
		{9413258F-02D8-42B2-8AAC-919AFDF667D4}.Release|ARM.Build.0 = Release|Any CPU
		{9413258F-02D8-42B2-8AAC-919AFDF667D4}.Release|ARM64.ActiveCfg = Release|Any CPU
		{9413258F-02D8-42B2-8AAC-919AFDF667D4}.Release|ARM64.Build.0 = Release|Any CPU
		{9413258F-02D8-42B2-8AAC-919AFDF667D4}.Release|x64.ActiveCfg = Release|Any CPU
		{9413258F-02D8-42B2-8AAC-919AFDF667D4}.Release|x64.Build.0 = Release|Any CPU
		{9413258F-02D8-42B2-8AAC-919AFDF667D4}.Release|x86.ActiveCfg = Release|Any CPU
		{9413258F-02D8-42B2-8AAC-919AFDF667D4}.Release|x86.Build.0 = Release|Any CPU
		{A5E6A998-2548-4056-9A86-8FFBB5BEEDA7}.Debug|Any CPU.ActiveCfg = Debug|Any CPU
		{A5E6A998-2548-4056-9A86-8FFBB5BEEDA7}.Debug|Any CPU.Build.0 = Debug|Any CPU
		{A5E6A998-2548-4056-9A86-8FFBB5BEEDA7}.Debug|ARM.ActiveCfg = Debug|Any CPU
		{A5E6A998-2548-4056-9A86-8FFBB5BEEDA7}.Debug|ARM.Build.0 = Debug|Any CPU
		{A5E6A998-2548-4056-9A86-8FFBB5BEEDA7}.Debug|ARM64.ActiveCfg = Debug|Any CPU
		{A5E6A998-2548-4056-9A86-8FFBB5BEEDA7}.Debug|ARM64.Build.0 = Debug|Any CPU
		{A5E6A998-2548-4056-9A86-8FFBB5BEEDA7}.Debug|x64.ActiveCfg = Debug|Any CPU
		{A5E6A998-2548-4056-9A86-8FFBB5BEEDA7}.Debug|x64.Build.0 = Debug|Any CPU
		{A5E6A998-2548-4056-9A86-8FFBB5BEEDA7}.Debug|x86.ActiveCfg = Debug|Any CPU
		{A5E6A998-2548-4056-9A86-8FFBB5BEEDA7}.Debug|x86.Build.0 = Debug|Any CPU
		{A5E6A998-2548-4056-9A86-8FFBB5BEEDA7}.Release|Any CPU.ActiveCfg = Release|Any CPU
		{A5E6A998-2548-4056-9A86-8FFBB5BEEDA7}.Release|Any CPU.Build.0 = Release|Any CPU
		{A5E6A998-2548-4056-9A86-8FFBB5BEEDA7}.Release|ARM.ActiveCfg = Release|Any CPU
		{A5E6A998-2548-4056-9A86-8FFBB5BEEDA7}.Release|ARM.Build.0 = Release|Any CPU
		{A5E6A998-2548-4056-9A86-8FFBB5BEEDA7}.Release|ARM64.ActiveCfg = Release|Any CPU
		{A5E6A998-2548-4056-9A86-8FFBB5BEEDA7}.Release|ARM64.Build.0 = Release|Any CPU
		{A5E6A998-2548-4056-9A86-8FFBB5BEEDA7}.Release|x64.ActiveCfg = Release|Any CPU
		{A5E6A998-2548-4056-9A86-8FFBB5BEEDA7}.Release|x64.Build.0 = Release|Any CPU
		{A5E6A998-2548-4056-9A86-8FFBB5BEEDA7}.Release|x86.ActiveCfg = Release|Any CPU
		{A5E6A998-2548-4056-9A86-8FFBB5BEEDA7}.Release|x86.Build.0 = Release|Any CPU
	EndGlobalSection
	GlobalSection(SolutionProperties) = preSolution
		HideSolutionNode = FALSE
	EndGlobalSection
	GlobalSection(ExtensibilityGlobals) = postSolution
		SolutionGuid = {8A79AE86-2CE8-459E-BBA3-65D53F78DF4A}
	EndGlobalSection
EndGlobal
